
Microsoft Visual Studio Solution File, Format Version 12.00
# Visual Studio Version 17
VisualStudioVersion = 17.10.35027.167
MinimumVisualStudioVersion = 10.0.40219.1
Project("{FAE04EC0-301F-11D3-BF4B-00C04F79EFBC}") = "AppShowMilhao", "AppShowMilhao\AppShowMilhao.csproj", "{B09C8B81-1366-4EEE-9947-4989BBF08D85}"
EndProject
Global
	GlobalSection(SolutionConfigurationPlatforms) = preSolution
		Debug|Any CPU = Debug|Any CPU
		Release|Any CPU = Release|Any CPU
	EndGlobalSection
	GlobalSection(ProjectConfigurationPlatforms) = postSolution
		{B09C8B81-1366-4EEE-9947-4989BBF08D85}.Debug|Any CPU.ActiveCfg = Debug|Any CPU
		{B09C8B81-1366-4EEE-9947-4989BBF08D85}.Debug|Any CPU.Build.0 = Debug|Any CPU
		{B09C8B81-1366-4EEE-9947-4989BBF08D85}.Debug|Any CPU.Deploy.0 = Debug|Any CPU
		{B09C8B81-1366-4EEE-9947-4989BBF08D85}.Release|Any CPU.ActiveCfg = Release|Any CPU
		{B09C8B81-1366-4EEE-9947-4989BBF08D85}.Release|Any CPU.Build.0 = Release|Any CPU
		{B09C8B81-1366-4EEE-9947-4989BBF08D85}.Release|Any CPU.Deploy.0 = Release|Any CPU
	EndGlobalSection
	GlobalSection(SolutionProperties) = preSolution
		HideSolutionNode = FALSE
	EndGlobalSection
	GlobalSection(ExtensibilityGlobals) = postSolution
		SolutionGuid = {52D0B8A4-FC23-49E7-9F28-B5A7D80843D5}
	EndGlobalSection
EndGlobal
